{
  "version": 4,
  "terraform_version": "1.8.4",
  "serial": 38,
  "lineage": "6cbc5f8e-d2f1-1c79-112a-02941b2a29ca",
  "outputs": {
    "vm_ip_address_single": {
      "value": "192.168.157.200/24",
      "type": "string"
    },
    "vm_ip_addresses": {
      "value": [
        "192.168.157.200/24",
        "192.168.157.201/24",
        "192.168.157.202/24"
      ],
      "type": [
        "tuple",
        [
          "string",
          "string",
          "string"
        ]
      ]
    }
  },
  "resources": [
    {
      "mode": "managed",
      "type": "proxmox_vm_qemu",
      "name": "test_server",
      "provider": "provider[\"registry.terraform.io/telmate/proxmox\"]",
      "instances": [
        {
          "index_key": 0,
          "schema_version": 0,
          "attributes": {
            "additional_wait": 5,
            "agent": 1,
            "args": "",
            "automatic_reboot": true,
            "balloon": 0,
            "bios": "seabios",
            "boot": "c",
            "bootdisk": "scsi0",
            "bridge": null,
            "ci_wait": null,
            "cicustom": "",
            "cipassword": "",
            "ciuser": "",
            "clone": "debian-11-cloudinit-template",
            "clone_wait": 10,
            "cloudinit_cdrom_storage": null,
            "cores": 2,
            "cpu": "host",
            "default_ipv4_address": "192.168.157.200",
            "define_connection_info": true,
            "desc": "",
            "disk": [
              {
                "aio": "",
                "backup": true,
                "cache": "none",
                "discard": "",
                "file": "vm-105-disk-0",
                "format": "raw",
                "iops": 0,
                "iops_max": 0,
                "iops_max_length": 0,
                "iops_rd": 0,
                "iops_rd_max": 0,
                "iops_rd_max_length": 0,
                "iops_wr": 0,
                "iops_wr_max": 0,
                "iops_wr_max_length": 0,
                "iothread": 0,
                "mbps": 0,
                "mbps_rd": 0,
                "mbps_rd_max": 0,
                "mbps_wr": 0,
                "mbps_wr_max": 0,
                "media": "",
                "replicate": 0,
                "size": "50G",
                "slot": 0,
                "ssd": 0,
                "storage": "local-zfs",
                "storage_type": "zfspool",
                "type": "scsi",
                "volume": "local-zfs:vm-105-disk-0"
              }
            ],
            "disk_gb": null,
            "force_create": false,
            "force_recreate_on_change_of": null,
            "full_clone": true,
            "guest_agent_ready_timeout": 100,
            "hagroup": "",
            "hastate": "",
            "hostpci": [],
            "hotplug": "network,disk,usb",
            "id": "promox/qemu/105",
            "ipconfig0": "ip=192.168.157.200/24,gw=192.168.157.2",
            "ipconfig1": "",
            "ipconfig10": "",
            "ipconfig11": "",
            "ipconfig12": "",
            "ipconfig13": "",
            "ipconfig14": "",
            "ipconfig15": "",
            "ipconfig2": "",
            "ipconfig3": "",
            "ipconfig4": "",
            "ipconfig5": "",
            "ipconfig6": "",
            "ipconfig7": "",
            "ipconfig8": "",
            "ipconfig9": "",
            "iso": null,
            "kvm": true,
            "mac": null,
            "machine": "",
            "memory": 2048,
            "name": "Ubuntu-01",
            "nameserver": "",
            "network": [
              {
                "bridge": "vmbr0",
                "firewall": false,
                "link_down": false,
                "macaddr": "92:8B:02:CF:2C:48",
                "model": "virtio",
                "mtu": 0,
                "queues": 0,
                "rate": 0,
                "tag": -1
              }
            ],
            "nic": null,
            "numa": false,
            "onboot": false,
            "oncreate": true,
            "os_network_config": null,
            "os_type": "cloud-init",
            "pool": "",
            "preprovision": true,
            "pxe": null,
            "qemu_os": "other",
            "reboot_required": false,
            "scsihw": "virtio-scsi-pci",
            "searchdomain": "",
            "serial": [],
            "sockets": 1,
            "ssh_forward_ip": null,
            "ssh_host": "192.168.157.200",
            "ssh_port": "22",
            "ssh_private_key": null,
            "ssh_user": null,
            "sshkeys": "  ssh-rsa AAAAB3NzaC1yc2EAAAADAQABAAACAQDN6h2pmUKzilLZL23/emBAa4qegpAOVkhOGI+VOEEMbxvPXEArdgtgW+2NFg8XoWoBg6Rm0rvpgbj3gNVccXQWxOD1vlzdeVnxsgOH6SpEaRkFvjpK88ZmhZoOtr4ALVYkp8nFFL6SU6NLtPW8Cq2y9Fb64VaYCZLnwHhKaq0do4/eB7WTklV2+iKJbTWiae3EnqHOiY0xk+NKu7FW34D6tFgay1RHvO2hCExopQSVPB/NJ7L4GiDIcxhbCQnfOkxulJZs4KQzoEdToQXAl+Ix5NDYbP7ZnjZGaQWCyGIbVeXmdINUSsZi8l/rRTkS4Ikt8PQTB7c3l0sVyBUOgarua+SkoKi+WWJStozLogz0GJiG+9sZM7wcfHm9iklqDsx+m9se1mCeD9B5N+0G74JAbgCwLu4902CBG0eDK3ovsIB+CwIef7X+iqQ5X/eH+KT/xRhqtLVsgDDnUexdOBsLuwzo4lp2j2ULJ8ouBryBAyqohYtwANXVyR47VzN1RSFv9QfGZGopDM8alqqY7mZJz3ZkHponT6ZnnvfXMgjd/EAzksK3Qo+kWS2GAEdZ9sgtFtQkrjae4Lm24BYbz+m7YHhNSxJzNli+YnnAFJNXsviWtnAktlFFLmawpML8IbKX78gxnS07jeDNE1QHPIvKp+Kg0sr39uHrvTwbkV6okw== root@promox\r\n\n",
            "startup": "",
            "storage": null,
            "storage_type": null,
            "tablet": true,
            "tags": "",
            "target_node": "promox",
            "timeouts": null,
            "unused_disk": [],
            "usb": [],
            "vcpus": 0,
            "vga": [],
            "vlan": -1,
            "vmid": null
          },
          "sensitive_attributes": [
            [
              {
                "type": "get_attr",
                "value": "ssh_private_key"
              }
            ],
            [
              {
                "type": "get_attr",
                "value": "cipassword"
              }
            ]
          ],
          "private": "eyJlMmJmYjczMC1lY2FhLTExZTYtOGY4OC0zNDM2M2JjN2M0YzAiOnsiY3JlYXRlIjoxMjAwMDAwMDAwMDAwLCJkZWZhdWx0IjoxMjAwMDAwMDAwMDAwLCJkZWxldGUiOjEyMDAwMDAwMDAwMDAsInJlYWQiOjEyMDAwMDAwMDAwMDAsInVwZGF0ZSI6MTIwMDAwMDAwMDAwMH19"
        },
        {
          "index_key": 1,
          "schema_version": 0,
          "attributes": {
            "additional_wait": 5,
            "agent": 1,
            "args": "",
            "automatic_reboot": true,
            "balloon": 0,
            "bios": "seabios",
            "boot": "c",
            "bootdisk": "scsi0",
            "bridge": null,
            "ci_wait": null,
            "cicustom": "",
            "cipassword": "",
            "ciuser": "",
            "clone": "debian-11-cloudinit-template",
            "clone_wait": 10,
            "cloudinit_cdrom_storage": null,
            "cores": 2,
            "cpu": "host",
            "default_ipv4_address": "192.168.157.201",
            "define_connection_info": true,
            "desc": "",
            "disk": [
              {
                "aio": "",
                "backup": true,
                "cache": "none",
                "discard": "",
                "file": "vm-104-disk-0",
                "format": "raw",
                "iops": 0,
                "iops_max": 0,
                "iops_max_length": 0,
                "iops_rd": 0,
                "iops_rd_max": 0,
                "iops_rd_max_length": 0,
                "iops_wr": 0,
                "iops_wr_max": 0,
                "iops_wr_max_length": 0,
                "iothread": 0,
                "mbps": 0,
                "mbps_rd": 0,
                "mbps_rd_max": 0,
                "mbps_wr": 0,
                "mbps_wr_max": 0,
                "media": "",
                "replicate": 0,
                "size": "50G",
                "slot": 0,
                "ssd": 0,
                "storage": "local-zfs",
                "storage_type": "zfspool",
                "type": "scsi",
                "volume": "local-zfs:vm-104-disk-0"
              }
            ],
            "disk_gb": null,
            "force_create": false,
            "force_recreate_on_change_of": null,
            "full_clone": true,
            "guest_agent_ready_timeout": 100,
            "hagroup": "",
            "hastate": "",
            "hostpci": [],
            "hotplug": "network,disk,usb",
            "id": "promox/qemu/104",
            "ipconfig0": "ip=192.168.157.201/24,gw=192.168.157.2",
            "ipconfig1": "",
            "ipconfig10": "",
            "ipconfig11": "",
            "ipconfig12": "",
            "ipconfig13": "",
            "ipconfig14": "",
            "ipconfig15": "",
            "ipconfig2": "",
            "ipconfig3": "",
            "ipconfig4": "",
            "ipconfig5": "",
            "ipconfig6": "",
            "ipconfig7": "",
            "ipconfig8": "",
            "ipconfig9": "",
            "iso": null,
            "kvm": true,
            "mac": null,
            "machine": "",
            "memory": 2048,
            "name": "Ubuntu-02",
            "nameserver": "",
            "network": [
              {
                "bridge": "vmbr0",
                "firewall": false,
                "link_down": false,
                "macaddr": "CA:B3:BE:96:B1:80",
                "model": "virtio",
                "mtu": 0,
                "queues": 0,
                "rate": 0,
                "tag": -1
              }
            ],
            "nic": null,
            "numa": false,
            "onboot": false,
            "oncreate": true,
            "os_network_config": null,
            "os_type": "cloud-init",
            "pool": "",
            "preprovision": true,
            "pxe": null,
            "qemu_os": "other",
            "reboot_required": false,
            "scsihw": "virtio-scsi-pci",
            "searchdomain": "",
            "serial": [],
            "sockets": 1,
            "ssh_forward_ip": null,
            "ssh_host": "192.168.157.201",
            "ssh_port": "22",
            "ssh_private_key": null,
            "ssh_user": null,
            "sshkeys": "  ssh-rsa AAAAB3NzaC1yc2EAAAADAQABAAACAQDN6h2pmUKzilLZL23/emBAa4qegpAOVkhOGI+VOEEMbxvPXEArdgtgW+2NFg8XoWoBg6Rm0rvpgbj3gNVccXQWxOD1vlzdeVnxsgOH6SpEaRkFvjpK88ZmhZoOtr4ALVYkp8nFFL6SU6NLtPW8Cq2y9Fb64VaYCZLnwHhKaq0do4/eB7WTklV2+iKJbTWiae3EnqHOiY0xk+NKu7FW34D6tFgay1RHvO2hCExopQSVPB/NJ7L4GiDIcxhbCQnfOkxulJZs4KQzoEdToQXAl+Ix5NDYbP7ZnjZGaQWCyGIbVeXmdINUSsZi8l/rRTkS4Ikt8PQTB7c3l0sVyBUOgarua+SkoKi+WWJStozLogz0GJiG+9sZM7wcfHm9iklqDsx+m9se1mCeD9B5N+0G74JAbgCwLu4902CBG0eDK3ovsIB+CwIef7X+iqQ5X/eH+KT/xRhqtLVsgDDnUexdOBsLuwzo4lp2j2ULJ8ouBryBAyqohYtwANXVyR47VzN1RSFv9QfGZGopDM8alqqY7mZJz3ZkHponT6ZnnvfXMgjd/EAzksK3Qo+kWS2GAEdZ9sgtFtQkrjae4Lm24BYbz+m7YHhNSxJzNli+YnnAFJNXsviWtnAktlFFLmawpML8IbKX78gxnS07jeDNE1QHPIvKp+Kg0sr39uHrvTwbkV6okw== root@promox\r\n\n",
            "startup": "",
            "storage": null,
            "storage_type": null,
            "tablet": true,
            "tags": "",
            "target_node": "promox",
            "timeouts": null,
            "unused_disk": [],
            "usb": [],
            "vcpus": 0,
            "vga": [],
            "vlan": -1,
            "vmid": null
          },
          "sensitive_attributes": [
            [
              {
                "type": "get_attr",
                "value": "ssh_private_key"
              }
            ],
            [
              {
                "type": "get_attr",
                "value": "cipassword"
              }
            ]
          ],
          "private": "eyJlMmJmYjczMC1lY2FhLTExZTYtOGY4OC0zNDM2M2JjN2M0YzAiOnsiY3JlYXRlIjoxMjAwMDAwMDAwMDAwLCJkZWZhdWx0IjoxMjAwMDAwMDAwMDAwLCJkZWxldGUiOjEyMDAwMDAwMDAwMDAsInJlYWQiOjEyMDAwMDAwMDAwMDAsInVwZGF0ZSI6MTIwMDAwMDAwMDAwMH19"
        },
        {
          "index_key": 2,
          "schema_version": 0,
          "attributes": {
            "additional_wait": 5,
            "agent": 1,
            "args": "",
            "automatic_reboot": true,
            "balloon": 0,
            "bios": "seabios",
            "boot": "c",
            "bootdisk": "scsi0",
            "bridge": null,
            "ci_wait": null,
            "cicustom": "",
            "cipassword": "",
            "ciuser": "",
            "clone": "debian-11-cloudinit-template",
            "clone_wait": 10,
            "cloudinit_cdrom_storage": null,
            "cores": 2,
            "cpu": "host",
            "default_ipv4_address": "192.168.157.202",
            "define_connection_info": true,
            "desc": "",
            "disk": [
              {
                "aio": "",
                "backup": true,
                "cache": "none",
                "discard": "",
                "file": "vm-103-disk-0",
                "format": "raw",
                "iops": 0,
                "iops_max": 0,
                "iops_max_length": 0,
                "iops_rd": 0,
                "iops_rd_max": 0,
                "iops_rd_max_length": 0,
                "iops_wr": 0,
                "iops_wr_max": 0,
                "iops_wr_max_length": 0,
                "iothread": 0,
                "mbps": 0,
                "mbps_rd": 0,
                "mbps_rd_max": 0,
                "mbps_wr": 0,
                "mbps_wr_max": 0,
                "media": "",
                "replicate": 0,
                "size": "50G",
                "slot": 0,
                "ssd": 0,
                "storage": "local-zfs",
                "storage_type": "zfspool",
                "type": "scsi",
                "volume": "local-zfs:vm-103-disk-0"
              }
            ],
            "disk_gb": null,
            "force_create": false,
            "force_recreate_on_change_of": null,
            "full_clone": true,
            "guest_agent_ready_timeout": 100,
            "hagroup": "",
            "hastate": "",
            "hostpci": [],
            "hotplug": "network,disk,usb",
            "id": "promox/qemu/103",
            "ipconfig0": "ip=192.168.157.202/24,gw=192.168.157.2",
            "ipconfig1": "",
            "ipconfig10": "",
            "ipconfig11": "",
            "ipconfig12": "",
            "ipconfig13": "",
            "ipconfig14": "",
            "ipconfig15": "",
            "ipconfig2": "",
            "ipconfig3": "",
            "ipconfig4": "",
            "ipconfig5": "",
            "ipconfig6": "",
            "ipconfig7": "",
            "ipconfig8": "",
            "ipconfig9": "",
            "iso": null,
            "kvm": true,
            "mac": null,
            "machine": "",
            "memory": 2048,
            "name": "Ubuntu-03",
            "nameserver": "",
            "network": [
              {
                "bridge": "vmbr0",
                "firewall": false,
                "link_down": false,
                "macaddr": "FA:13:E6:07:C1:1F",
                "model": "virtio",
                "mtu": 0,
                "queues": 0,
                "rate": 0,
                "tag": -1
              }
            ],
            "nic": null,
            "numa": false,
            "onboot": false,
            "oncreate": true,
            "os_network_config": null,
            "os_type": "cloud-init",
            "pool": "",
            "preprovision": true,
            "pxe": null,
            "qemu_os": "other",
            "reboot_required": false,
            "scsihw": "virtio-scsi-pci",
            "searchdomain": "",
            "serial": [],
            "sockets": 1,
            "ssh_forward_ip": null,
            "ssh_host": "192.168.157.202",
            "ssh_port": "22",
            "ssh_private_key": null,
            "ssh_user": null,
            "sshkeys": "  ssh-rsa AAAAB3NzaC1yc2EAAAADAQABAAACAQDN6h2pmUKzilLZL23/emBAa4qegpAOVkhOGI+VOEEMbxvPXEArdgtgW+2NFg8XoWoBg6Rm0rvpgbj3gNVccXQWxOD1vlzdeVnxsgOH6SpEaRkFvjpK88ZmhZoOtr4ALVYkp8nFFL6SU6NLtPW8Cq2y9Fb64VaYCZLnwHhKaq0do4/eB7WTklV2+iKJbTWiae3EnqHOiY0xk+NKu7FW34D6tFgay1RHvO2hCExopQSVPB/NJ7L4GiDIcxhbCQnfOkxulJZs4KQzoEdToQXAl+Ix5NDYbP7ZnjZGaQWCyGIbVeXmdINUSsZi8l/rRTkS4Ikt8PQTB7c3l0sVyBUOgarua+SkoKi+WWJStozLogz0GJiG+9sZM7wcfHm9iklqDsx+m9se1mCeD9B5N+0G74JAbgCwLu4902CBG0eDK3ovsIB+CwIef7X+iqQ5X/eH+KT/xRhqtLVsgDDnUexdOBsLuwzo4lp2j2ULJ8ouBryBAyqohYtwANXVyR47VzN1RSFv9QfGZGopDM8alqqY7mZJz3ZkHponT6ZnnvfXMgjd/EAzksK3Qo+kWS2GAEdZ9sgtFtQkrjae4Lm24BYbz+m7YHhNSxJzNli+YnnAFJNXsviWtnAktlFFLmawpML8IbKX78gxnS07jeDNE1QHPIvKp+Kg0sr39uHrvTwbkV6okw== root@promox\r\n\n",
            "startup": "",
            "storage": null,
            "storage_type": null,
            "tablet": true,
            "tags": "",
            "target_node": "promox",
            "timeouts": null,
            "unused_disk": [],
            "usb": [],
            "vcpus": 0,
            "vga": [],
            "vlan": -1,
            "vmid": null
          },
          "sensitive_attributes": [
            [
              {
                "type": "get_attr",
                "value": "ssh_private_key"
              }
            ],
            [
              {
                "type": "get_attr",
                "value": "cipassword"
              }
            ]
          ],
          "private": "eyJlMmJmYjczMC1lY2FhLTExZTYtOGY4OC0zNDM2M2JjN2M0YzAiOnsiY3JlYXRlIjoxMjAwMDAwMDAwMDAwLCJkZWZhdWx0IjoxMjAwMDAwMDAwMDAwLCJkZWxldGUiOjEyMDAwMDAwMDAwMDAsInJlYWQiOjEyMDAwMDAwMDAwMDAsInVwZGF0ZSI6MTIwMDAwMDAwMDAwMH19"
        }
      ]
    }
  ],
  "check_results": null
}
